<Solution>
  <Folder Name="/src/">
    <Project Path="src/adapters/dotnet/Merkle.Adapters.DotNet.csproj" />
    <Project Path="src/adapters/dotnet/observer/Merkle.Adapters.DotNet.Observer.csproj" />
    <Project Path="src/adapters/dotnet/worker/Merkle.Adapters.DotNet.Worker.csproj" />
    <Project Path="src/cli/Merkle.Cli.csproj" />
    <Project Path="src/core/Merkle.Core.csproj" />
    <Project Path="src/infrastructure/Merkle.Infrastructure.csproj" />
  </Folder>
  <Folder Name="/tests/">
    <Project Path="tests/Merkle.Tests/Merkle.Tests.csproj" />
  </Folder>
</Solution>
